
Microsoft Visual Studio Solution File, Format Version 12.00
# Visual Studio 15
VisualStudioVersion = 15.0.27520.0
MinimumVisualStudioVersion = 10.0.40219.1
Project("{6EC3EE1D-3C4E-46DD-8F32-0CC8E7565705}") = "Trail", "src\Trail\Trail.fsproj", "{4811A343-FDB0-417C-BAA7-F082FF16F03D}"
EndProject
Project("{6EC3EE1D-3C4E-46DD-8F32-0CC8E7565705}") = "Trail.Tests", "test\Trail.Tests\Trail.Tests.fsproj", "{FF3817C6-1C1A-4647-93DF-BE9DDD6A7CEB}"
EndProject
Project("{9A19103F-16F7-4668-BE54-9A1E7A4F7556}") = "BlazorApp1", "sample\standalone\BlazorApp1\BlazorApp1.csproj", "{594FD122-24B5-496F-B609-7AF77167ED04}"
EndProject
Project("{6EC3EE1D-3C4E-46DD-8F32-0CC8E7565705}") = "Library1", "sample\standalone\Library1\Library1.fsproj", "{3D278120-F81E-4927-8F5B-FB7328471AC7}"
EndProject
Project("{2150E333-8FDC-42A3-9474-1A3956D46DE8}") = "sample", "sample", "{E7597390-E323-48F6-8377-CEA51FB27734}"
EndProject
Project("{2150E333-8FDC-42A3-9474-1A3956D46DE8}") = "test", "test", "{D6A8819D-699E-4098-B9CD-BA38415058F4}"
EndProject
Project("{2150E333-8FDC-42A3-9474-1A3956D46DE8}") = "src", "src", "{7DC7FD7F-318A-41E6-8913-CBB973E03657}"
	ProjectSection(SolutionItems) = preProject
		src\Directory.Build.props = src\Directory.Build.props
	EndProjectSection
EndProject
Project("{2150E333-8FDC-42A3-9474-1A3956D46DE8}") = "project", "project", "{A76F8266-01B0-4B4D-91D0-EF71132BD42F}"
	ProjectSection(SolutionItems) = preProject
		.gitignore = .gitignore
		.travis.yml = .travis.yml
		build.cmd = build.cmd
		build.sh = build.sh
		LICENSE = LICENSE
		NuGet.Config = NuGet.Config
		README.md = README.md
	EndProjectSection
EndProject
Project("{2150E333-8FDC-42A3-9474-1A3956D46DE8}") = "standalone", "standalone", "{CB98C266-A9A4-42CD-97F4-8128B63831FE}"
EndProject
Project("{2150E333-8FDC-42A3-9474-1A3956D46DE8}") = "fullstack", "fullstack", "{4286004B-4067-4136-9A0E-037B2BA67540}"
	ProjectSection(SolutionItems) = preProject
		sample\fullstack\global.json = sample\fullstack\global.json
	EndProjectSection
EndProject
Project("{9A19103F-16F7-4668-BE54-9A1E7A4F7556}") = "BlazorHosted1.Client", "sample\fullstack\BlazorHosted1.Client\BlazorHosted1.Client.csproj", "{DB4A0ACE-F95C-4658-BA2F-DADF0E4DEF4D}"
EndProject
Project("{6EC3EE1D-3C4E-46DD-8F32-0CC8E7565705}") = "BlazorHosted1.Shared", "sample\fullstack\BlazorHosted1.Shared\BlazorHosted1.Shared.fsproj", "{C752355B-8E90-45BB-BDC0-B73E8ECD8F56}"
EndProject
Project("{6EC3EE1D-3C4E-46DD-8F32-0CC8E7565705}") = "BlazorHosted1.ClientLib", "sample\fullstack\BlazorHosted1.ClientLib\BlazorHosted1.ClientLib.fsproj", "{A48C3F5D-CACF-4506-A7B4-79C7B8BA2819}"
EndProject
Project("{6EC3EE1D-3C4E-46DD-8F32-0CC8E7565705}") = "BlazorHosted1.Server", "sample\fullstack\BlazorHosted1.Server\BlazorHosted1.Server.fsproj", "{005007C0-ED57-41E1-9AE1-E0CE685765EC}"
EndProject
Project("{9A19103F-16F7-4668-BE54-9A1E7A4F7556}") = "BlazorHosted1.ServerCSharp", "sample\fullstack\BlazorHosted1.ServerCSharp\BlazorHosted1.ServerCSharp.csproj", "{D1C009AF-FC18-4AC0-8B63-BA72ADF3E467}"
EndProject
Project("{6EC3EE1D-3C4E-46DD-8F32-0CC8E7565705}") = "Trail.BlazorRedux", "src\Trail.BlazorRedux\Trail.BlazorRedux.fsproj", "{AFFD68BD-24DC-45D8-AE58-A4F5EC61D997}"
EndProject
Project("{2150E333-8FDC-42A3-9474-1A3956D46DE8}") = "blazor-redux-standalone", "blazor-redux-standalone", "{3A817E72-CB0B-4D10-8C10-5DEFE1DD598D}"
EndProject
Project("{6EC3EE1D-3C4E-46DD-8F32-0CC8E7565705}") = "BlazorReduxLib", "sample\blazor-redux-standalone\BlazorReduxLib\BlazorReduxLib.fsproj", "{392F2FE9-3403-49AD-B01A-F96A1BBDFD96}"
EndProject
Project("{9A19103F-16F7-4668-BE54-9A1E7A4F7556}") = "BlazorReduxApp", "sample\blazor-redux-standalone\BlazorReduxApp\BlazorReduxApp.csproj", "{CDCBD559-DE0A-4766-B2BD-1FAE99AF915B}"
EndProject
Global
	GlobalSection(SolutionConfigurationPlatforms) = preSolution
		Debug|Any CPU = Debug|Any CPU
		Release|Any CPU = Release|Any CPU
	EndGlobalSection
	GlobalSection(ProjectConfigurationPlatforms) = postSolution
		{4811A343-FDB0-417C-BAA7-F082FF16F03D}.Debug|Any CPU.ActiveCfg = Debug|Any CPU
		{4811A343-FDB0-417C-BAA7-F082FF16F03D}.Debug|Any CPU.Build.0 = Debug|Any CPU
		{4811A343-FDB0-417C-BAA7-F082FF16F03D}.Release|Any CPU.ActiveCfg = Release|Any CPU
		{4811A343-FDB0-417C-BAA7-F082FF16F03D}.Release|Any CPU.Build.0 = Release|Any CPU
		{FF3817C6-1C1A-4647-93DF-BE9DDD6A7CEB}.Debug|Any CPU.ActiveCfg = Debug|Any CPU
		{FF3817C6-1C1A-4647-93DF-BE9DDD6A7CEB}.Debug|Any CPU.Build.0 = Debug|Any CPU
		{FF3817C6-1C1A-4647-93DF-BE9DDD6A7CEB}.Release|Any CPU.ActiveCfg = Release|Any CPU
		{FF3817C6-1C1A-4647-93DF-BE9DDD6A7CEB}.Release|Any CPU.Build.0 = Release|Any CPU
		{594FD122-24B5-496F-B609-7AF77167ED04}.Debug|Any CPU.ActiveCfg = Debug|Any CPU
		{594FD122-24B5-496F-B609-7AF77167ED04}.Debug|Any CPU.Build.0 = Debug|Any CPU
		{594FD122-24B5-496F-B609-7AF77167ED04}.Release|Any CPU.ActiveCfg = Release|Any CPU
		{594FD122-24B5-496F-B609-7AF77167ED04}.Release|Any CPU.Build.0 = Release|Any CPU
		{3D278120-F81E-4927-8F5B-FB7328471AC7}.Debug|Any CPU.ActiveCfg = Debug|Any CPU
		{3D278120-F81E-4927-8F5B-FB7328471AC7}.Debug|Any CPU.Build.0 = Debug|Any CPU
		{3D278120-F81E-4927-8F5B-FB7328471AC7}.Release|Any CPU.ActiveCfg = Release|Any CPU
		{3D278120-F81E-4927-8F5B-FB7328471AC7}.Release|Any CPU.Build.0 = Release|Any CPU
		{DB4A0ACE-F95C-4658-BA2F-DADF0E4DEF4D}.Debug|Any CPU.ActiveCfg = Debug|Any CPU
		{DB4A0ACE-F95C-4658-BA2F-DADF0E4DEF4D}.Debug|Any CPU.Build.0 = Debug|Any CPU
		{DB4A0ACE-F95C-4658-BA2F-DADF0E4DEF4D}.Release|Any CPU.ActiveCfg = Release|Any CPU
		{DB4A0ACE-F95C-4658-BA2F-DADF0E4DEF4D}.Release|Any CPU.Build.0 = Release|Any CPU
		{C752355B-8E90-45BB-BDC0-B73E8ECD8F56}.Debug|Any CPU.ActiveCfg = Debug|Any CPU
		{C752355B-8E90-45BB-BDC0-B73E8ECD8F56}.Debug|Any CPU.Build.0 = Debug|Any CPU
		{C752355B-8E90-45BB-BDC0-B73E8ECD8F56}.Release|Any CPU.ActiveCfg = Release|Any CPU
		{C752355B-8E90-45BB-BDC0-B73E8ECD8F56}.Release|Any CPU.Build.0 = Release|Any CPU
		{A48C3F5D-CACF-4506-A7B4-79C7B8BA2819}.Debug|Any CPU.ActiveCfg = Debug|Any CPU
		{A48C3F5D-CACF-4506-A7B4-79C7B8BA2819}.Debug|Any CPU.Build.0 = Debug|Any CPU
		{A48C3F5D-CACF-4506-A7B4-79C7B8BA2819}.Release|Any CPU.ActiveCfg = Release|Any CPU
		{A48C3F5D-CACF-4506-A7B4-79C7B8BA2819}.Release|Any CPU.Build.0 = Release|Any CPU
		{005007C0-ED57-41E1-9AE1-E0CE685765EC}.Debug|Any CPU.ActiveCfg = Debug|Any CPU
		{005007C0-ED57-41E1-9AE1-E0CE685765EC}.Debug|Any CPU.Build.0 = Debug|Any CPU
		{005007C0-ED57-41E1-9AE1-E0CE685765EC}.Release|Any CPU.ActiveCfg = Release|Any CPU
		{005007C0-ED57-41E1-9AE1-E0CE685765EC}.Release|Any CPU.Build.0 = Release|Any CPU
		{D1C009AF-FC18-4AC0-8B63-BA72ADF3E467}.Debug|Any CPU.ActiveCfg = Debug|Any CPU
		{D1C009AF-FC18-4AC0-8B63-BA72ADF3E467}.Debug|Any CPU.Build.0 = Debug|Any CPU
		{D1C009AF-FC18-4AC0-8B63-BA72ADF3E467}.Release|Any CPU.ActiveCfg = Release|Any CPU
		{D1C009AF-FC18-4AC0-8B63-BA72ADF3E467}.Release|Any CPU.Build.0 = Release|Any CPU
		{AFFD68BD-24DC-45D8-AE58-A4F5EC61D997}.Debug|Any CPU.ActiveCfg = Debug|Any CPU
		{AFFD68BD-24DC-45D8-AE58-A4F5EC61D997}.Debug|Any CPU.Build.0 = Debug|Any CPU
		{AFFD68BD-24DC-45D8-AE58-A4F5EC61D997}.Release|Any CPU.ActiveCfg = Release|Any CPU
		{AFFD68BD-24DC-45D8-AE58-A4F5EC61D997}.Release|Any CPU.Build.0 = Release|Any CPU
		{392F2FE9-3403-49AD-B01A-F96A1BBDFD96}.Debug|Any CPU.ActiveCfg = Debug|Any CPU
		{392F2FE9-3403-49AD-B01A-F96A1BBDFD96}.Debug|Any CPU.Build.0 = Debug|Any CPU
		{392F2FE9-3403-49AD-B01A-F96A1BBDFD96}.Release|Any CPU.ActiveCfg = Release|Any CPU
		{392F2FE9-3403-49AD-B01A-F96A1BBDFD96}.Release|Any CPU.Build.0 = Release|Any CPU
		{CDCBD559-DE0A-4766-B2BD-1FAE99AF915B}.Debug|Any CPU.ActiveCfg = Debug|Any CPU
		{CDCBD559-DE0A-4766-B2BD-1FAE99AF915B}.Debug|Any CPU.Build.0 = Debug|Any CPU
		{CDCBD559-DE0A-4766-B2BD-1FAE99AF915B}.Release|Any CPU.ActiveCfg = Release|Any CPU
		{CDCBD559-DE0A-4766-B2BD-1FAE99AF915B}.Release|Any CPU.Build.0 = Release|Any CPU
	EndGlobalSection
	GlobalSection(SolutionProperties) = preSolution
		HideSolutionNode = FALSE
	EndGlobalSection
	GlobalSection(NestedProjects) = preSolution
		{4811A343-FDB0-417C-BAA7-F082FF16F03D} = {7DC7FD7F-318A-41E6-8913-CBB973E03657}
		{FF3817C6-1C1A-4647-93DF-BE9DDD6A7CEB} = {D6A8819D-699E-4098-B9CD-BA38415058F4}
		{594FD122-24B5-496F-B609-7AF77167ED04} = {CB98C266-A9A4-42CD-97F4-8128B63831FE}
		{3D278120-F81E-4927-8F5B-FB7328471AC7} = {CB98C266-A9A4-42CD-97F4-8128B63831FE}
		{CB98C266-A9A4-42CD-97F4-8128B63831FE} = {E7597390-E323-48F6-8377-CEA51FB27734}
		{4286004B-4067-4136-9A0E-037B2BA67540} = {E7597390-E323-48F6-8377-CEA51FB27734}
		{DB4A0ACE-F95C-4658-BA2F-DADF0E4DEF4D} = {4286004B-4067-4136-9A0E-037B2BA67540}
		{C752355B-8E90-45BB-BDC0-B73E8ECD8F56} = {4286004B-4067-4136-9A0E-037B2BA67540}
		{A48C3F5D-CACF-4506-A7B4-79C7B8BA2819} = {4286004B-4067-4136-9A0E-037B2BA67540}
		{005007C0-ED57-41E1-9AE1-E0CE685765EC} = {4286004B-4067-4136-9A0E-037B2BA67540}
		{D1C009AF-FC18-4AC0-8B63-BA72ADF3E467} = {4286004B-4067-4136-9A0E-037B2BA67540}
		{AFFD68BD-24DC-45D8-AE58-A4F5EC61D997} = {7DC7FD7F-318A-41E6-8913-CBB973E03657}
		{3A817E72-CB0B-4D10-8C10-5DEFE1DD598D} = {E7597390-E323-48F6-8377-CEA51FB27734}
		{392F2FE9-3403-49AD-B01A-F96A1BBDFD96} = {3A817E72-CB0B-4D10-8C10-5DEFE1DD598D}
		{CDCBD559-DE0A-4766-B2BD-1FAE99AF915B} = {3A817E72-CB0B-4D10-8C10-5DEFE1DD598D}
	EndGlobalSection
	GlobalSection(ExtensibilityGlobals) = postSolution
		SolutionGuid = {108ADC24-AA04-4A13-9AEC-2BF801A7FED7}
	EndGlobalSection
EndGlobal
