Microsoft Visual Studio Solution File, Format Version 12.00
# Visual Studio 15
VisualStudioVersion = 15.0.27130.2027
MinimumVisualStudioVersion = 15.0.26124.0
Project("{9A19103F-16F7-4668-BE54-9A1E7A4F7556}") = "BlazorApp1.Server", "BlazorApp1.Server\BlazorApp1.Server.csproj", "{F0A420BA-6D94-46AB-8573-8EA53D527EB9}"
EndProject
Project("{9A19103F-16F7-4668-BE54-9A1E7A4F7556}") = "BlazorApp1.App", "BlazorApp1.App\BlazorApp1.App.csproj", "{4D58FFAA-B930-4246-AD73-325F07FA9205}"
EndProject
Global
	GlobalSection(SolutionConfigurationPlatforms) = preSolution
		Debug|Any CPU = Debug|Any CPU
		Debug|x64 = Debug|x64
		Debug|x86 = Debug|x86
		Release|Any CPU = Release|Any CPU
		Release|x64 = Release|x64
		Release|x86 = Release|x86
	EndGlobalSection
	GlobalSection(ProjectConfigurationPlatforms) = postSolution
		{4D58FFAA-B930-4246-AD73-325F07FA9205}.Debug|Any CPU.ActiveCfg = Debug|Any CPU
		{4D58FFAA-B930-4246-AD73-325F07FA9205}.Debug|Any CPU.Build.0 = Debug|Any CPU
		{4D58FFAA-B930-4246-AD73-325F07FA9205}.Debug|x64.ActiveCfg = Debug|Any CPU
		{4D58FFAA-B930-4246-AD73-325F07FA9205}.Debug|x64.Build.0 = Debug|Any CPU
		{4D58FFAA-B930-4246-AD73-325F07FA9205}.Debug|x86.ActiveCfg = Debug|Any CPU
		{4D58FFAA-B930-4246-AD73-325F07FA9205}.Debug|x86.Build.0 = Debug|Any CPU
		{4D58FFAA-B930-4246-AD73-325F07FA9205}.Release|Any CPU.ActiveCfg = Release|Any CPU
		{4D58FFAA-B930-4246-AD73-325F07FA9205}.Release|Any CPU.Build.0 = Release|Any CPU
		{4D58FFAA-B930-4246-AD73-325F07FA9205}.Release|x64.ActiveCfg = Release|Any CPU
		{4D58FFAA-B930-4246-AD73-325F07FA9205}.Release|x64.Build.0 = Release|Any CPU
		{4D58FFAA-B930-4246-AD73-325F07FA9205}.Release|x86.ActiveCfg = Release|Any CPU
		{4D58FFAA-B930-4246-AD73-325F07FA9205}.Release|x86.Build.0 = Release|Any CPU
		{F0A420BA-6D94-46AB-8573-8EA53D527EB9}.Debug|Any CPU.ActiveCfg = Debug|Any CPU
		{F0A420BA-6D94-46AB-8573-8EA53D527EB9}.Debug|Any CPU.Build.0 = Debug|Any CPU
		{F0A420BA-6D94-46AB-8573-8EA53D527EB9}.Debug|x64.ActiveCfg = Debug|Any CPU
		{F0A420BA-6D94-46AB-8573-8EA53D527EB9}.Debug|x64.Build.0 = Debug|Any CPU
		{F0A420BA-6D94-46AB-8573-8EA53D527EB9}.Debug|x86.ActiveCfg = Debug|Any CPU
		{F0A420BA-6D94-46AB-8573-8EA53D527EB9}.Debug|x86.Build.0 = Debug|Any CPU
		{F0A420BA-6D94-46AB-8573-8EA53D527EB9}.Release|Any CPU.ActiveCfg = Release|Any CPU
		{F0A420BA-6D94-46AB-8573-8EA53D527EB9}.Release|Any CPU.Build.0 = Release|Any CPU
		{F0A420BA-6D94-46AB-8573-8EA53D527EB9}.Release|x64.ActiveCfg = Release|Any CPU
		{F0A420BA-6D94-46AB-8573-8EA53D527EB9}.Release|x64.Build.0 = Release|Any CPU
		{F0A420BA-6D94-46AB-8573-8EA53D527EB9}.Release|x86.ActiveCfg = Release|Any CPU
		{F0A420BA-6D94-46AB-8573-8EA53D527EB9}.Release|x86.Build.0 = Release|Any CPU
	EndGlobalSection
	GlobalSection(SolutionProperties) = preSolution
		HideSolutionNode = FALSE
	EndGlobalSection
	GlobalSection(ExtensibilityGlobals) = postSolution
		SolutionGuid = {040DBC1B-2568-4A78-AC32-8132903DEE51}
	EndGlobalSection
EndGlobal
