Microsoft Visual Studio Solution File, Format Version 12.00
# Visual Studio 15
VisualStudioVersion = 15.0.27130.2027
MinimumVisualStudioVersion = 15.0.26124.0
Project("{9A19103F-16F7-4668-BE54-9A1E7A4F7556}") = "BlazorHosted1.Server", "BlazorHosted1.Server\BlazorHosted1.Server.csproj", "{B915FFC0-ADCA-4E82-8E79-4351DD4CB5CD}"
EndProject
Project("{9A19103F-16F7-4668-BE54-9A1E7A4F7556}") = "BlazorHosted1.Client", "BlazorHosted1.Client\BlazorHosted1.Client.csproj", "{69F71647-D618-40ED-A099-1CE7A5EBB6FD}"
EndProject
Project("{9A19103F-16F7-4668-BE54-9A1E7A4F7556}") = "BlazorHosted1.Shared", "BlazorHosted1.Shared\BlazorHosted1.Shared.csproj", "{0236EAA2-3D63-4F75-B47E-8A6174FDC28A}"
EndProject
Global
	GlobalSection(SolutionConfigurationPlatforms) = preSolution
		Debug|Any CPU = Debug|Any CPU
		Debug|x64 = Debug|x64
		Debug|x86 = Debug|x86
		Release|Any CPU = Release|Any CPU
		Release|x64 = Release|x64
		Release|x86 = Release|x86
	EndGlobalSection
	GlobalSection(ProjectConfigurationPlatforms) = postSolution
		{69F71647-D618-40ED-A099-1CE7A5EBB6FD}.Debug|Any CPU.ActiveCfg = Debug|Any CPU
		{69F71647-D618-40ED-A099-1CE7A5EBB6FD}.Debug|Any CPU.Build.0 = Debug|Any CPU
		{69F71647-D618-40ED-A099-1CE7A5EBB6FD}.Debug|x64.ActiveCfg = Debug|Any CPU
		{69F71647-D618-40ED-A099-1CE7A5EBB6FD}.Debug|x64.Build.0 = Debug|Any CPU
		{69F71647-D618-40ED-A099-1CE7A5EBB6FD}.Debug|x86.ActiveCfg = Debug|Any CPU
		{69F71647-D618-40ED-A099-1CE7A5EBB6FD}.Debug|x86.Build.0 = Debug|Any CPU
		{69F71647-D618-40ED-A099-1CE7A5EBB6FD}.Release|Any CPU.ActiveCfg = Release|Any CPU
		{69F71647-D618-40ED-A099-1CE7A5EBB6FD}.Release|Any CPU.Build.0 = Release|Any CPU
		{69F71647-D618-40ED-A099-1CE7A5EBB6FD}.Release|x64.ActiveCfg = Release|Any CPU
		{69F71647-D618-40ED-A099-1CE7A5EBB6FD}.Release|x64.Build.0 = Release|Any CPU
		{69F71647-D618-40ED-A099-1CE7A5EBB6FD}.Release|x86.ActiveCfg = Release|Any CPU
		{69F71647-D618-40ED-A099-1CE7A5EBB6FD}.Release|x86.Build.0 = Release|Any CPU
		{B915FFC0-ADCA-4E82-8E79-4351DD4CB5CD}.Debug|Any CPU.ActiveCfg = Debug|Any CPU
		{B915FFC0-ADCA-4E82-8E79-4351DD4CB5CD}.Debug|Any CPU.Build.0 = Debug|Any CPU
		{B915FFC0-ADCA-4E82-8E79-4351DD4CB5CD}.Debug|x64.ActiveCfg = Debug|Any CPU
		{B915FFC0-ADCA-4E82-8E79-4351DD4CB5CD}.Debug|x64.Build.0 = Debug|Any CPU
		{B915FFC0-ADCA-4E82-8E79-4351DD4CB5CD}.Debug|x86.ActiveCfg = Debug|Any CPU
		{B915FFC0-ADCA-4E82-8E79-4351DD4CB5CD}.Debug|x86.Build.0 = Debug|Any CPU
		{B915FFC0-ADCA-4E82-8E79-4351DD4CB5CD}.Release|Any CPU.ActiveCfg = Release|Any CPU
		{B915FFC0-ADCA-4E82-8E79-4351DD4CB5CD}.Release|Any CPU.Build.0 = Release|Any CPU
		{B915FFC0-ADCA-4E82-8E79-4351DD4CB5CD}.Release|x64.ActiveCfg = Release|Any CPU
		{B915FFC0-ADCA-4E82-8E79-4351DD4CB5CD}.Release|x64.Build.0 = Release|Any CPU
		{B915FFC0-ADCA-4E82-8E79-4351DD4CB5CD}.Release|x86.ActiveCfg = Release|Any CPU
		{B915FFC0-ADCA-4E82-8E79-4351DD4CB5CD}.Release|x86.Build.0 = Release|Any CPU
		{0236EAA2-3D63-4F75-B47E-8A6174FDC28A}.Debug|Any CPU.ActiveCfg = Debug|Any CPU
		{0236EAA2-3D63-4F75-B47E-8A6174FDC28A}.Debug|Any CPU.Build.0 = Debug|Any CPU
		{0236EAA2-3D63-4F75-B47E-8A6174FDC28A}.Debug|x64.ActiveCfg = Debug|Any CPU
		{0236EAA2-3D63-4F75-B47E-8A6174FDC28A}.Debug|x64.Build.0 = Debug|Any CPU
		{0236EAA2-3D63-4F75-B47E-8A6174FDC28A}.Debug|x86.ActiveCfg = Debug|Any CPU
		{0236EAA2-3D63-4F75-B47E-8A6174FDC28A}.Debug|x86.Build.0 = Debug|Any CPU
		{0236EAA2-3D63-4F75-B47E-8A6174FDC28A}.Release|Any CPU.ActiveCfg = Release|Any CPU
		{0236EAA2-3D63-4F75-B47E-8A6174FDC28A}.Release|Any CPU.Build.0 = Release|Any CPU
		{0236EAA2-3D63-4F75-B47E-8A6174FDC28A}.Release|x64.ActiveCfg = Release|Any CPU
		{0236EAA2-3D63-4F75-B47E-8A6174FDC28A}.Release|x64.Build.0 = Release|Any CPU
		{0236EAA2-3D63-4F75-B47E-8A6174FDC28A}.Release|x86.ActiveCfg = Release|Any CPU
		{0236EAA2-3D63-4F75-B47E-8A6174FDC28A}.Release|x86.Build.0 = Release|Any CPU
	EndGlobalSection
	GlobalSection(SolutionProperties) = preSolution
		HideSolutionNode = FALSE
	EndGlobalSection
	GlobalSection(ExtensibilityGlobals) = postSolution
		SolutionGuid = {E7CD921F-39CC-446B-A340-37DB85142038}
	EndGlobalSection
EndGlobal
